
Microsoft Visual Studio Solution File, Format Version 12.00
# Visual Studio Version 17
VisualStudioVersion = 17.2.32519.379
MinimumVisualStudioVersion = 10.0.40219.1
Project("{FAE04EC0-301F-11D3-BF4B-00C04F79EFBC}") = "CheckersDesign", "B22 Chen Amit\CheckersDesign.csproj", "{AED78DB8-37B0-4B31-9C3A-A289CEA9848D}"
EndProject
Project("{FAE04EC0-301F-11D3-BF4B-00C04F79EFBC}") = "CheckersLogic", "Checkers\CheckersLogic.csproj", "{6048C866-E9CB-4C21-A950-EC06D532ACFA}"
EndProject
Global
	GlobalSection(SolutionConfigurationPlatforms) = preSolution
		Debug|Any CPU = Debug|Any CPU
		Release|Any CPU = Release|Any CPU
	EndGlobalSection
	GlobalSection(ProjectConfigurationPlatforms) = postSolution
		{AED78DB8-37B0-4B31-9C3A-A289CEA9848D}.Debug|Any CPU.ActiveCfg = Debug|Any CPU
		{AED78DB8-37B0-4B31-9C3A-A289CEA9848D}.Debug|Any CPU.Build.0 = Debug|Any CPU
		{AED78DB8-37B0-4B31-9C3A-A289CEA9848D}.Release|Any CPU.ActiveCfg = Release|Any CPU
		{AED78DB8-37B0-4B31-9C3A-A289CEA9848D}.Release|Any CPU.Build.0 = Release|Any CPU
		{6048C866-E9CB-4C21-A950-EC06D532ACFA}.Debug|Any CPU.ActiveCfg = Debug|Any CPU
		{6048C866-E9CB-4C21-A950-EC06D532ACFA}.Debug|Any CPU.Build.0 = Debug|Any CPU
		{6048C866-E9CB-4C21-A950-EC06D532ACFA}.Release|Any CPU.ActiveCfg = Release|Any CPU
		{6048C866-E9CB-4C21-A950-EC06D532ACFA}.Release|Any CPU.Build.0 = Release|Any CPU
	EndGlobalSection
	GlobalSection(SolutionProperties) = preSolution
		HideSolutionNode = FALSE
	EndGlobalSection
	GlobalSection(ExtensibilityGlobals) = postSolution
		SolutionGuid = {5BEFC117-464F-447F-B475-03C8A08C77E3}
	EndGlobalSection
EndGlobal
